{
  "version": 4,
  "terraform_version": "1.6.2",
  "serial": 3,
  "lineage": "2f5f6354-430a-e643-778e-4f1138dc15de",
  "outputs": {
    "kubernetes_cluster_host": {
      "value": "34.139.126.255",
      "type": "string"
    },
    "kubernetes_cluster_name": {
      "value": "cloud-assignment-k8s-gke",
      "type": "string"
    },
    "project_id": {
      "value": "cloud-assignment-k8s",
      "type": "string"
    },
    "region": {
      "value": "us-east1",
      "type": "string"
    }
  },
  "resources": [
    {
      "mode": "managed",
      "type": "google_container_cluster",
      "name": "primary",
      "provider": "provider[\"registry.terraform.io/hashicorp/google\"]",
      "instances": [
        {
          "schema_version": 2,
          "attributes": {
            "addons_config": [
              {
                "cloudrun_config": [],
                "config_connector_config": [],
                "dns_cache_config": [],
                "gce_persistent_disk_csi_driver_config": [
                  {
                    "enabled": true
                  }
                ],
                "gcp_filestore_csi_driver_config": [],
                "gcs_fuse_csi_driver_config": [],
                "gke_backup_agent_config": [],
                "horizontal_pod_autoscaling": [],
                "http_load_balancing": [],
                "network_policy_config": [
                  {
                    "disabled": true
                  }
                ]
              }
            ],
            "allow_net_admin": null,
            "authenticator_groups_config": [],
            "binary_authorization": [
              {
                "enabled": false,
                "evaluation_mode": ""
              }
            ],
            "cluster_autoscaling": [
              {
                "auto_provisioning_defaults": [],
                "enabled": false,
                "resource_limits": []
              }
            ],
            "cluster_ipv4_cidr": "10.120.0.0/14",
            "confidential_nodes": [],
            "cost_management_config": [],
            "database_encryption": [
              {
                "key_name": "",
                "state": "DECRYPTED"
              }
            ],
            "datapath_provider": "",
            "default_max_pods_per_node": 110,
            "default_snat_status": [
              {
                "disabled": false
              }
            ],
            "deletion_protection": true,
            "description": "",
            "dns_config": [],
            "enable_autopilot": false,
            "enable_intranode_visibility": false,
            "enable_k8s_beta_apis": [],
            "enable_kubernetes_alpha": false,
            "enable_l4_ilb_subsetting": false,
            "enable_legacy_abac": false,
            "enable_shielded_nodes": true,
            "enable_tpu": false,
            "endpoint": "34.139.126.255",
            "gateway_api_config": [],
            "id": "projects/cloud-assignment-k8s/locations/us-east1-b/clusters/cloud-assignment-k8s-gke",
            "initial_node_count": 3,
            "ip_allocation_policy": [
              {
                "additional_pod_ranges_config": [],
                "cluster_ipv4_cidr_block": "10.120.0.0/14",
                "cluster_secondary_range_name": "gke-cloud-assignment-k8s-gke-pods-7af91e05",
                "pod_cidr_overprovision_config": [
                  {
                    "disabled": false
                  }
                ],
                "services_ipv4_cidr_block": "10.124.0.0/20",
                "services_secondary_range_name": "gke-cloud-assignment-k8s-gke-services-7af91e05",
                "stack_type": "IPV4"
              }
            ],
            "label_fingerprint": "a9dc16a7",
            "location": "us-east1-b",
            "logging_config": [
              {
                "enable_components": [
                  "SYSTEM_COMPONENTS",
                  "WORKLOADS"
                ]
              }
            ],
            "logging_service": "logging.googleapis.com/kubernetes",
            "maintenance_policy": [],
            "master_auth": [
              {
                "client_certificate": "",
                "client_certificate_config": [
                  {
                    "issue_client_certificate": false
                  }
                ],
                "client_key": "",
                "cluster_ca_certificate": "LS0tLS1CRUdJTiBDRVJUSUZJQ0FURS0tLS0tCk1JSUVMVENDQXBXZ0F3SUJBZ0lSQUovRUNxTDlkT2ZzWUlyRXMwK0svbTB3RFFZSktvWklodmNOQVFFTEJRQXcKTHpFdE1Dc0dBMVVFQXhNa01Ua3hNbU0yTXpNdE1qQXhNaTAwWVdZekxUZ3pZVFl0Wm1SbE9HRXhabU0yWkdWaApNQ0FYRFRJek1UQXhPVEl6TWpnMU5Gb1lEekl3TlRNeE1ERXlNREF5T0RVMFdqQXZNUzB3S3dZRFZRUURFeVF4Ck9URXlZell6TXkweU1ERXlMVFJoWmpNdE9ETmhOaTFtWkdVNFlURm1ZelprWldFd2dnR2lNQTBHQ1NxR1NJYjMKRFFFQkFRVUFBNElCandBd2dnR0tBb0lCZ1FEZmdNNDRWeWM1VHBCZjI2bG9RcVR4V01XYzFjYWhsU2d3NWE3SQpBa29JenNaSERrbExCdFg2THVzSEpiSjViNW1BazVNay9VVGkwVHdOL1pYYm1MWE5tenZiYTNweTBXdERaRCtyCmcrUk1jTlBKUUU5WDJzaXljNFdUb2tIakNrdTZ5ZmdVZUFmb1ZYUTNyOFB2K3VtQ3ZpYzN3WTJpS0RMTklUNSsKUHl2UFIrVlZnNk5xMkFEOTVOeDFqem5obGorRldybFZ6TjFkeEoyQ3Y2bktkSS9nZU9MOGNJNVFhYm5iTVFkegpCbnBpajJyNHVqWWF4SDVSZThFYjBQbTlmRmRQUjg3VGY2OUxtM3BJdzc3R2pvK3EwSDRqdzM1TlhncGt6N1llClYyeUZlRnk0UWxLaTJkaDVLUnZKSEErL1diQ3U2R3orWktJOTc2RFRDY0IvWGUrVUtQdGdzYUtuUytkZzBaZmwKWVB3NEkranRWZjZ5emJzM2UvbCtCOTExVVg1ZER4TXAvTDZNY1NqRjhQb0NNYUxvSXFLRFZ3QzhMZzlzYWFIVApkNDI5OHUxbkUvbExFcWhBTndkelY4bzhnb2VFdGsxd0xHUTExUmJiKzhQY0JhL2dGNGpqUFloUnhwRitqOTRHCk9uUEJ6RU1hNkx0SnhxQTNYMTN1QWp4SFUzY0NBd0VBQWFOQ01FQXdEZ1lEVlIwUEFRSC9CQVFEQWdJRU1BOEcKQTFVZEV3RUIvd1FGTUFNQkFmOHdIUVlEVlIwT0JCWUVGUDdJWm1PUlpaWVR4Q0UvZzRIZFI3bjFHL2dXTUEwRwpDU3FHU0liM0RRRUJDd1VBQTRJQmdRQStIeHRaVFY4bFVMZzVYcTlKdExJeE9IUndrVjdPd3AyUjBuL2pYOEJjCmV6UXF2NVowdmFzMXJsdnZCL2tsQlZQSGdUZ0hBaFY5L0lnMEcvTjJsZ1ErTk5Dc2hCejg3MTllWEtZUTRBVWcKR0FzU0Z0RFFEZGJxWS91SnprTW00bzczd1ZybnNBYi9hZEtaWnMrVnFLemhMN1BLak0wdDRCM0hZMXZjZTRmcAp4dlViOXJ0MGJLZWQ4TkVmbFVXeG4xUE9CTHRPNktnbHNWSWNtL3hKZmo2SFZHNCt5VFV2M0pDVkZJenNUMUUrClpNUTN1ZjhGaWNzdnBMOVdPemhjc1FSSHhCcDk4VVNucndBRmNYVFZjQnVMbVpCVEdUK2N1eWFTYkY4R2c0elIKNEZsYzhqZWpVWDIrUzVxNWdCV1c3eDIxRVdKSUJmK29wV0VmTmtwWENkZkRYVElkRmZ3ejdZRjV2NGhtNXRlWgo4ajRqZzhvdWtJZUhoNzRRWituLzdwUVZNZDNzZFc0WHFteVVaWGxuUXFGaEhNS2drWE9DTE1JMVhWdGVua3NNCkpSYXdBTXZpTzFBYkx5SlFETlNBQnNaYVdWcjFrYVZZa0tkNVl0cU0zajdIS1ZndXIwQWVjSHJFMTBIQ3g4RzQKbVN0a1hqSkpCY0hIVGZtZUY3ZGFOQzg9Ci0tLS0tRU5EIENFUlRJRklDQVRFLS0tLS0K"
              }
            ],
            "master_authorized_networks_config": [],
            "master_version": "1.27.3-gke.100",
            "mesh_certificates": [],
            "min_master_version": null,
            "monitoring_config": [
              {
                "advanced_datapath_observability_config": [
                  {
                    "enable_metrics": false,
                    "relay_mode": "DISABLED"
                  }
                ],
                "enable_components": [
                  "SYSTEM_COMPONENTS"
                ],
                "managed_prometheus": [
                  {
                    "enabled": true
                  }
                ]
              }
            ],
            "monitoring_service": "monitoring.googleapis.com/kubernetes",
            "name": "cloud-assignment-k8s-gke",
            "network": "projects/cloud-assignment-k8s/global/networks/default",
            "network_policy": [
              {
                "enabled": false,
                "provider": "PROVIDER_UNSPECIFIED"
              }
            ],
            "networking_mode": "VPC_NATIVE",
            "node_config": [],
            "node_locations": [],
            "node_pool": [],
            "node_pool_auto_config": [],
            "node_pool_defaults": [
              {
                "node_config_defaults": [
                  {
                    "logging_variant": "DEFAULT"
                  }
                ]
              }
            ],
            "node_version": "1.27.3-gke.100",
            "notification_config": [
              {
                "pubsub": [
                  {
                    "enabled": false,
                    "filter": [],
                    "topic": ""
                  }
                ]
              }
            ],
            "operation": null,
            "private_cluster_config": [
              {
                "enable_private_endpoint": false,
                "enable_private_nodes": false,
                "master_global_access_config": [
                  {
                    "enabled": false
                  }
                ],
                "master_ipv4_cidr_block": "",
                "peering_name": "",
                "private_endpoint": "10.142.0.39",
                "private_endpoint_subnetwork": "",
                "public_endpoint": "34.139.126.255"
              }
            ],
            "private_ipv6_google_access": "",
            "project": "cloud-assignment-k8s",
            "release_channel": [
              {
                "channel": "REGULAR"
              }
            ],
            "remove_default_node_pool": true,
            "resource_labels": null,
            "resource_usage_export_config": [],
            "security_posture_config": [
              {
                "mode": "BASIC",
                "vulnerability_mode": "VULNERABILITY_MODE_UNSPECIFIED"
              }
            ],
            "self_link": "https://container.googleapis.com/v1/projects/cloud-assignment-k8s/zones/us-east1-b/clusters/cloud-assignment-k8s-gke",
            "service_external_ips_config": [
              {
                "enabled": false
              }
            ],
            "services_ipv4_cidr": "10.124.0.0/20",
            "subnetwork": "projects/cloud-assignment-k8s/regions/us-east1/subnetworks/default",
            "timeouts": null,
            "tpu_ipv4_cidr_block": "",
            "vertical_pod_autoscaling": [],
            "workload_identity_config": []
          },
          "sensitive_attributes": [],
          "private": "eyJlMmJmYjczMC1lY2FhLTExZTYtOGY4OC0zNDM2M2JjN2M0YzAiOnsiY3JlYXRlIjoyNDAwMDAwMDAwMDAwLCJkZWxldGUiOjI0MDAwMDAwMDAwMDAsInJlYWQiOjI0MDAwMDAwMDAwMDAsInVwZGF0ZSI6MzYwMDAwMDAwMDAwMH0sInNjaGVtYV92ZXJzaW9uIjoiMiJ9"
        }
      ]
    },
    {
      "mode": "managed",
      "type": "google_container_node_pool",
      "name": "primary_nodes",
      "provider": "provider[\"registry.terraform.io/hashicorp/google\"]",
      "instances": [
        {
          "schema_version": 1,
          "attributes": {
            "autoscaling": [],
            "cluster": "cloud-assignment-k8s-gke",
            "id": "projects/cloud-assignment-k8s/locations/us-east1-b/clusters/cloud-assignment-k8s-gke/nodePools/cloud-assignment-k8s-gke-node-pool",
            "initial_node_count": 3,
            "instance_group_urls": [
              "https://www.googleapis.com/compute/v1/projects/cloud-assignment-k8s/zones/us-east1-b/instanceGroupManagers/gke-cloud-assignment-cloud-assignment-24c93573-grp"
            ],
            "location": "us-east1-b",
            "managed_instance_group_urls": [
              "https://www.googleapis.com/compute/v1/projects/cloud-assignment-k8s/zones/us-east1-b/instanceGroups/gke-cloud-assignment-cloud-assignment-24c93573-grp"
            ],
            "management": [
              {
                "auto_repair": true,
                "auto_upgrade": true
              }
            ],
            "max_pods_per_node": 110,
            "name": "cloud-assignment-k8s-gke-node-pool",
            "name_prefix": "",
            "network_config": [
              {
                "create_pod_range": false,
                "enable_private_nodes": false,
                "pod_cidr_overprovision_config": [],
                "pod_ipv4_cidr_block": "10.120.0.0/14",
                "pod_range": "gke-cloud-assignment-k8s-gke-pods-7af91e05"
              }
            ],
            "node_config": [
              {
                "advanced_machine_features": [],
                "boot_disk_kms_key": "",
                "confidential_nodes": [],
                "disk_size_gb": 20,
                "disk_type": "pd-standard",
                "effective_taints": [],
                "ephemeral_storage_local_ssd_config": [],
                "fast_socket": [],
                "gcfs_config": [],
                "guest_accelerator": [],
                "gvnic": [],
                "host_maintenance_policy": [],
                "image_type": "COS_CONTAINERD",
                "kubelet_config": [],
                "labels": {
                  "env": "cloud-assignment-k8s"
                },
                "linux_node_config": [],
                "local_nvme_ssd_block_config": [],
                "local_ssd_count": 0,
                "logging_variant": "DEFAULT",
                "machine_type": "e2-medium",
                "metadata": {
                  "disable-legacy-endpoints": "true"
                },
                "min_cpu_platform": "",
                "node_group": "",
                "oauth_scopes": [
                  "https://www.googleapis.com/auth/devstorage.read_only",
                  "https://www.googleapis.com/auth/logging.write",
                  "https://www.googleapis.com/auth/monitoring",
                  "https://www.googleapis.com/auth/service.management.readonly",
                  "https://www.googleapis.com/auth/servicecontrol",
                  "https://www.googleapis.com/auth/trace.append"
                ],
                "preemptible": false,
                "reservation_affinity": [],
                "resource_labels": null,
                "service_account": "default",
                "shielded_instance_config": [
                  {
                    "enable_integrity_monitoring": true,
                    "enable_secure_boot": false
                  }
                ],
                "sole_tenant_config": [],
                "spot": false,
                "tags": null,
                "taint": [],
                "workload_metadata_config": []
              }
            ],
            "node_count": 3,
            "node_locations": [
              "us-east1-b"
            ],
            "operation": null,
            "placement_policy": [],
            "project": "cloud-assignment-k8s",
            "timeouts": null,
            "upgrade_settings": [
              {
                "blue_green_settings": [],
                "max_surge": 1,
                "max_unavailable": 0,
                "strategy": "SURGE"
              }
            ],
            "version": "1.27.3-gke.100"
          },
          "sensitive_attributes": [],
          "private": "eyJlMmJmYjczMC1lY2FhLTExZTYtOGY4OC0zNDM2M2JjN2M0YzAiOnsiY3JlYXRlIjoxODAwMDAwMDAwMDAwLCJkZWxldGUiOjE4MDAwMDAwMDAwMDAsInVwZGF0ZSI6MTgwMDAwMDAwMDAwMH0sInNjaGVtYV92ZXJzaW9uIjoiMSJ9",
          "dependencies": [
            "google_container_cluster.primary"
          ]
        }
      ]
    }
  ],
  "check_results": null
}
